// !$*UTF8*$!
{
	archiveVersion = 1;
	classes = {
	};
	objectVersion = 55;
	objects = {

/* Begin PBXBuildFile section */
		2CC1E5D428CF38DA00035A99 /* TestingAppApp.swift in Sources */ = {isa = PBXBuildFile; fileRef = 2CC1E5D328CF38DA00035A99 /* TestingAppApp.swift */; };
		2CC1E5D628CF38DA00035A99 /* ContentView.swift in Sources */ = {isa = PBXBuildFile; fileRef = 2CC1E5D528CF38DA00035A99 /* ContentView.swift */; };
		2CC1E5D828CF38DC00035A99 /* Assets.xcassets in Resources */ = {isa = PBXBuildFile; fileRef = 2CC1E5D728CF38DC00035A99 /* Assets.xcassets */; };
		2CC1E5DB28CF38DC00035A99 /* Preview Assets.xcassets in Resources */ = {isa = PBXBuildFile; fileRef = 2CC1E5DA28CF38DC00035A99 /* Preview Assets.xcassets */; };
		2CC1E5DD28CF38DC00035A99 /* Persistence.swift in Sources */ = {isa = PBXBuildFile; fileRef = 2CC1E5DC28CF38DC00035A99 /* Persistence.swift */; };
		2CC1E5E028CF38DC00035A99 /* TestingApp.xcdatamodeld in Sources */ = {isa = PBXBuildFile; fileRef = 2CC1E5DE28CF38DC00035A99 /* TestingApp.xcdatamodeld */; };
		2CC1E5EA28CF38DC00035A99 /* TestingAppTests.swift in Sources */ = {isa = PBXBuildFile; fileRef = 2CC1E5E928CF38DC00035A99 /* TestingAppTests.swift */; };
		2CC1E5F428CF38DC00035A99 /* TestingAppUITests.swift in Sources */ = {isa = PBXBuildFile; fileRef = 2CC1E5F328CF38DC00035A99 /* TestingAppUITests.swift */; };
		2CC1E5F628CF38DC00035A99 /* TestingAppUITestsLaunchTests.swift in Sources */ = {isa = PBXBuildFile; fileRef = 2CC1E5F528CF38DC00035A99 /* TestingAppUITestsLaunchTests.swift */; };
/* End PBXBuildFile section */

/* Begin PBXContainerItemProxy section */
		2CC1E5E628CF38DC00035A99 /* PBXContainerItemProxy */ = {
			isa = PBXContainerItemProxy;
			containerPortal = 2CC1E5C828CF38DA00035A99 /* Project object */;
			proxyType = 1;
			remoteGlobalIDString = 2CC1E5CF28CF38DA00035A99;
			remoteInfo = TestingApp;
		};
		2CC1E5F028CF38DC00035A99 /* PBXContainerItemProxy */ = {
			isa = PBXContainerItemProxy;
			containerPortal = 2CC1E5C828CF38DA00035A99 /* Project object */;
			proxyType = 1;
			remoteGlobalIDString = 2CC1E5CF28CF38DA00035A99;
			remoteInfo = TestingApp;
		};
/* End PBXContainerItemProxy section */

/* Begin PBXFileReference section */
		2CC1E5D028CF38DA00035A99 /* TestingApp.app */ = {isa = PBXFileReference; explicitFileType = wrapper.application; includeInIndex = 0; path = TestingApp.app; sourceTree = BUILT_PRODUCTS_DIR; };
		2CC1E5D328CF38DA00035A99 /* TestingAppApp.swift */ = {isa = PBXFileReference; lastKnownFileType = sourcecode.swift; path = TestingAppApp.swift; sourceTree = "<group>"; };
		2CC1E5D528CF38DA00035A99 /* ContentView.swift */ = {isa = PBXFileReference; lastKnownFileType = sourcecode.swift; path = ContentView.swift; sourceTree = "<group>"; };
		2CC1E5D728CF38DC00035A99 /* Assets.xcassets */ = {isa = PBXFileReference; lastKnownFileType = folder.assetcatalog; path = Assets.xcassets; sourceTree = "<group>"; };
		2CC1E5DA28CF38DC00035A99 /* Preview Assets.xcassets */ = {isa = PBXFileReference; lastKnownFileType = folder.assetcatalog; path = "Preview Assets.xcassets"; sourceTree = "<group>"; };
		2CC1E5DC28CF38DC00035A99 /* Persistence.swift */ = {isa = PBXFileReference; lastKnownFileType = sourcecode.swift; path = Persistence.swift; sourceTree = "<group>"; };
		2CC1E5DF28CF38DC00035A99 /* TestingApp.xcdatamodel */ = {isa = PBXFileReference; lastKnownFileType = wrapper.xcdatamodel; path = TestingApp.xcdatamodel; sourceTree = "<group>"; };
		2CC1E5E528CF38DC00035A99 /* TestingAppTests.xctest */ = {isa = PBXFileReference; explicitFileType = wrapper.cfbundle; includeInIndex = 0; path = TestingAppTests.xctest; sourceTree = BUILT_PRODUCTS_DIR; };
		2CC1E5E928CF38DC00035A99 /* TestingAppTests.swift */ = {isa = PBXFileReference; lastKnownFileType = sourcecode.swift; path = TestingAppTests.swift; sourceTree = "<group>"; };
		2CC1E5EF28CF38DC00035A99 /* TestingAppUITests.xctest */ = {isa = PBXFileReference; explicitFileType = wrapper.cfbundle; includeInIndex = 0; path = TestingAppUITests.xctest; sourceTree = BUILT_PRODUCTS_DIR; };
		2CC1E5F328CF38DC00035A99 /* TestingAppUITests.swift */ = {isa = PBXFileReference; lastKnownFileType = sourcecode.swift; path = TestingAppUITests.swift; sourceTree = "<group>"; };
		2CC1E5F528CF38DC00035A99 /* TestingAppUITestsLaunchTests.swift */ = {isa = PBXFileReference; lastKnownFileType = sourcecode.swift; path = TestingAppUITestsLaunchTests.swift; sourceTree = "<group>"; };
/* End PBXFileReference section */

/* Begin PBXFrameworksBuildPhase section */
		2CC1E5CD28CF38DA00035A99 /* Frameworks */ = {
			isa = PBXFrameworksBuildPhase;
			buildActionMask = 2147483647;
			files = (
			);
			runOnlyForDeploymentPostprocessing = 0;
		};
		2CC1E5E228CF38DC00035A99 /* Frameworks */ = {
			isa = PBXFrameworksBuildPhase;
			buildActionMask = 2147483647;
			files = (
			);
			runOnlyForDeploymentPostprocessing = 0;
		};
		2CC1E5EC28CF38DC00035A99 /* Frameworks */ = {
			isa = PBXFrameworksBuildPhase;
			buildActionMask = 2147483647;
			files = (
			);
			runOnlyForDeploymentPostprocessing = 0;
		};
/* End PBXFrameworksBuildPhase section */

/* Begin PBXGroup section */
		2CC1E5C728CF38DA00035A99 = {
			isa = PBXGroup;
			children = (
				2CC1E5D228CF38DA00035A99 /* TestingApp */,
				2CC1E5E828CF38DC00035A99 /* TestingAppTests */,
				2CC1E5F228CF38DC00035A99 /* TestingAppUITests */,
				2CC1E5D128CF38DA00035A99 /* Products */,
			);
			sourceTree = "<group>";
		};
		2CC1E5D128CF38DA00035A99 /* Products */ = {
			isa = PBXGroup;
			children = (
				2CC1E5D028CF38DA00035A99 /* TestingApp.app */,
				2CC1E5E528CF38DC00035A99 /* TestingAppTests.xctest */,
				2CC1E5EF28CF38DC00035A99 /* TestingAppUITests.xctest */,
			);
			name = Products;
			sourceTree = "<group>";
		};
		2CC1E5D228CF38DA00035A99 /* TestingApp */ = {
			isa = PBXGroup;
			children = (
				2CC1E5D328CF38DA00035A99 /* TestingAppApp.swift */,
				2CC1E5D528CF38DA00035A99 /* ContentView.swift */,
				2CC1E5D728CF38DC00035A99 /* Assets.xcassets */,
				2CC1E5DC28CF38DC00035A99 /* Persistence.swift */,
				2CC1E5DE28CF38DC00035A99 /* TestingApp.xcdatamodeld */,
				2CC1E5D928CF38DC00035A99 /* Preview Content */,
			);
			path = TestingApp;
			sourceTree = "<group>";
		};
		2CC1E5D928CF38DC00035A99 /* Preview Content */ = {
			isa = PBXGroup;
			children = (
				2CC1E5DA28CF38DC00035A99 /* Preview Assets.xcassets */,
			);
			path = "Preview Content";
			sourceTree = "<group>";
		};
		2CC1E5E828CF38DC00035A99 /* TestingAppTests */ = {
			isa = PBXGroup;
			children = (
				2CC1E5E928CF38DC00035A99 /* TestingAppTests.swift */,
			);
			path = TestingAppTests;
			sourceTree = "<group>";
		};
		2CC1E5F228CF38DC00035A99 /* TestingAppUITests */ = {
			isa = PBXGroup;
			children = (
				2CC1E5F328CF38DC00035A99 /* TestingAppUITests.swift */,
				2CC1E5F528CF38DC00035A99 /* TestingAppUITestsLaunchTests.swift */,
			);
			path = TestingAppUITests;
			sourceTree = "<group>";
		};
/* End PBXGroup section */

/* Begin PBXNativeTarget section */
		2CC1E5CF28CF38DA00035A99 /* TestingApp */ = {
			isa = PBXNativeTarget;
			buildConfigurationList = 2CC1E5F928CF38DC00035A99 /* Build configuration list for PBXNativeTarget "TestingApp" */;
			buildPhases = (
				2CC1E5CC28CF38DA00035A99 /* Sources */,
				2CC1E5CD28CF38DA00035A99 /* Frameworks */,
				2CC1E5CE28CF38DA00035A99 /* Resources */,
			);
			buildRules = (
			);
			dependencies = (
			);
			name = TestingApp;
			productName = TestingApp;
			productReference = 2CC1E5D028CF38DA00035A99 /* TestingApp.app */;
			productType = "com.apple.product-type.application";
		};
		2CC1E5E428CF38DC00035A99 /* TestingAppTests */ = {
			isa = PBXNativeTarget;
			buildConfigurationList = 2CC1E5FC28CF38DC00035A99 /* Build configuration list for PBXNativeTarget "TestingAppTests" */;
			buildPhases = (
				2CC1E5E128CF38DC00035A99 /* Sources */,
				2CC1E5E228CF38DC00035A99 /* Frameworks */,
				2CC1E5E328CF38DC00035A99 /* Resources */,
			);
			buildRules = (
			);
			dependencies = (
				2CC1E5E728CF38DC00035A99 /* PBXTargetDependency */,
			);
			name = TestingAppTests;
			productName = TestingAppTests;
			productReference = 2CC1E5E528CF38DC00035A99 /* TestingAppTests.xctest */;
			productType = "com.apple.product-type.bundle.unit-test";
		};
		2CC1E5EE28CF38DC00035A99 /* TestingAppUITests */ = {
			isa = PBXNativeTarget;
			buildConfigurationList = 2CC1E5FF28CF38DC00035A99 /* Build configuration list for PBXNativeTarget "TestingAppUITests" */;
			buildPhases = (
				2CC1E5EB28CF38DC00035A99 /* Sources */,
				2CC1E5EC28CF38DC00035A99 /* Frameworks */,
				2CC1E5ED28CF38DC00035A99 /* Resources */,
			);
			buildRules = (
			);
			dependencies = (
				2CC1E5F128CF38DC00035A99 /* PBXTargetDependency */,
			);
			name = TestingAppUITests;
			productName = TestingAppUITests;
			productReference = 2CC1E5EF28CF38DC00035A99 /* TestingAppUITests.xctest */;
			productType = "com.apple.product-type.bundle.ui-testing";
		};
/* End PBXNativeTarget section */

/* Begin PBXProject section */
		2CC1E5C828CF38DA00035A99 /* Project object */ = {
			isa = PBXProject;
			attributes = {
				BuildIndependentTargetsInParallel = 1;
				LastSwiftUpdateCheck = 1320;
				LastUpgradeCheck = 1320;
				TargetAttributes = {
					2CC1E5CF28CF38DA00035A99 = {
						CreatedOnToolsVersion = 13.2.1;
					};
					2CC1E5E428CF38DC00035A99 = {
						CreatedOnToolsVersion = 13.2.1;
						TestTargetID = 2CC1E5CF28CF38DA00035A99;
					};
					2CC1E5EE28CF38DC00035A99 = {
						CreatedOnToolsVersion = 13.2.1;
						TestTargetID = 2CC1E5CF28CF38DA00035A99;
					};
				};
			};
			buildConfigurationList = 2CC1E5CB28CF38DA00035A99 /* Build configuration list for PBXProject "TestingApp" */;
			compatibilityVersion = "Xcode 13.0";
			developmentRegion = en;
			hasScannedForEncodings = 0;
			knownRegions = (
				en,
				Base,
			);
			mainGroup = 2CC1E5C728CF38DA00035A99;
			productRefGroup = 2CC1E5D128CF38DA00035A99 /* Products */;
			projectDirPath = "";
			projectRoot = "";
			targets = (
				2CC1E5CF28CF38DA00035A99 /* TestingApp */,
				2CC1E5E428CF38DC00035A99 /* TestingAppTests */,
				2CC1E5EE28CF38DC00035A99 /* TestingAppUITests */,
			);
		};
/* End PBXProject section */

/* Begin PBXResourcesBuildPhase section */
		2CC1E5CE28CF38DA00035A99 /* Resources */ = {
			isa = PBXResourcesBuildPhase;
			buildActionMask = 2147483647;
			files = (
				2CC1E5DB28CF38DC00035A99 /* Preview Assets.xcassets in Resources */,
				2CC1E5D828CF38DC00035A99 /* Assets.xcassets in Resources */,
			);
			runOnlyForDeploymentPostprocessing = 0;
		};
		2CC1E5E328CF38DC00035A99 /* Resources */ = {
			isa = PBXResourcesBuildPhase;
			buildActionMask = 2147483647;
			files = (
			);
			runOnlyForDeploymentPostprocessing = 0;
		};
		2CC1E5ED28CF38DC00035A99 /* Resources */ = {
			isa = PBXResourcesBuildPhase;
			buildActionMask = 2147483647;
			files = (
			);
			runOnlyForDeploymentPostprocessing = 0;
		};
/* End PBXResourcesBuildPhase section */

/* Begin PBXSourcesBuildPhase section */
		2CC1E5CC28CF38DA00035A99 /* Sources */ = {
			isa = PBXSourcesBuildPhase;
			buildActionMask = 2147483647;
			files = (
				2CC1E5DD28CF38DC00035A99 /* Persistence.swift in Sources */,
				2CC1E5D628CF38DA00035A99 /* ContentView.swift in Sources */,
				2CC1E5E028CF38DC00035A99 /* TestingApp.xcdatamodeld in Sources */,
				2CC1E5D428CF38DA00035A99 /* TestingAppApp.swift in Sources */,
			);
			runOnlyForDeploymentPostprocessing = 0;
		};
		2CC1E5E128CF38DC00035A99 /* Sources */ = {
			isa = PBXSourcesBuildPhase;
			buildActionMask = 2147483647;
			files = (
				2CC1E5EA28CF38DC00035A99 /* TestingAppTests.swift in Sources */,
			);
			runOnlyForDeploymentPostprocessing = 0;
		};
		2CC1E5EB28CF38DC00035A99 /* Sources */ = {
			isa = PBXSourcesBuildPhase;
			buildActionMask = 2147483647;
			files = (
				2CC1E5F428CF38DC00035A99 /* TestingAppUITests.swift in Sources */,
				2CC1E5F628CF38DC00035A99 /* TestingAppUITestsLaunchTests.swift in Sources */,
			);
			runOnlyForDeploymentPostprocessing = 0;
		};
/* End PBXSourcesBuildPhase section */

/* Begin PBXTargetDependency section */
		2CC1E5E728CF38DC00035A99 /* PBXTargetDependency */ = {
			isa = PBXTargetDependency;
			target = 2CC1E5CF28CF38DA00035A99 /* TestingApp */;
			targetProxy = 2CC1E5E628CF38DC00035A99 /* PBXContainerItemProxy */;
		};
		2CC1E5F128CF38DC00035A99 /* PBXTargetDependency */ = {
			isa = PBXTargetDependency;
			target = 2CC1E5CF28CF38DA00035A99 /* TestingApp */;
			targetProxy = 2CC1E5F028CF38DC00035A99 /* PBXContainerItemProxy */;
		};
/* End PBXTargetDependency section */

/* Begin XCBuildConfiguration section */
		2CC1E5F728CF38DC00035A99 /* Debug */ = {
			isa = XCBuildConfiguration;
			buildSettings = {
				ALWAYS_SEARCH_USER_PATHS = NO;
				CLANG_ANALYZER_NONNULL = YES;
				CLANG_ANALYZER_NUMBER_OBJECT_CONVERSION = YES_AGGRESSIVE;
				CLANG_CXX_LANGUAGE_STANDARD = "gnu++17";
				CLANG_CXX_LIBRARY = "libc++";
				CLANG_ENABLE_MODULES = YES;
				CLANG_ENABLE_OBJC_ARC = YES;
				CLANG_ENABLE_OBJC_WEAK = YES;
				CLANG_WARN_BLOCK_CAPTURE_AUTORELEASING = YES;
				CLANG_WARN_BOOL_CONVERSION = YES;
				CLANG_WARN_COMMA = YES;
				CLANG_WARN_CONSTANT_CONVERSION = YES;
				CLANG_WARN_DEPRECATED_OBJC_IMPLEMENTATIONS = YES;
				CLANG_WARN_DIRECT_OBJC_ISA_USAGE = YES_ERROR;
				CLANG_WARN_DOCUMENTATION_COMMENTS = YES;
				CLANG_WARN_EMPTY_BODY = YES;
				CLANG_WARN_ENUM_CONVERSION = YES;
				CLANG_WARN_INFINITE_RECURSION = YES;
				CLANG_WARN_INT_CONVERSION = YES;
				CLANG_WARN_NON_LITERAL_NULL_CONVERSION = YES;
				CLANG_WARN_OBJC_IMPLICIT_RETAIN_SELF = YES;
				CLANG_WARN_OBJC_LITERAL_CONVERSION = YES;
				CLANG_WARN_OBJC_ROOT_CLASS = YES_ERROR;
				CLANG_WARN_QUOTED_INCLUDE_IN_FRAMEWORK_HEADER = YES;
				CLANG_WARN_RANGE_LOOP_ANALYSIS = YES;
				CLANG_WARN_STRICT_PROTOTYPES = YES;
				CLANG_WARN_SUSPICIOUS_MOVE = YES;
				CLANG_WARN_UNGUARDED_AVAILABILITY = YES_AGGRESSIVE;
				CLANG_WARN_UNREACHABLE_CODE = YES;
				CLANG_WARN__DUPLICATE_METHOD_MATCH = YES;
				COPY_PHASE_STRIP = NO;
				DEBUG_INFORMATION_FORMAT = dwarf;
				ENABLE_STRICT_OBJC_MSGSEND = YES;
				ENABLE_TESTABILITY = YES;
				GCC_C_LANGUAGE_STANDARD = gnu11;
				GCC_DYNAMIC_NO_PIC = NO;
				GCC_NO_COMMON_BLOCKS = YES;
				GCC_OPTIMIZATION_LEVEL = 0;
				GCC_PREPROCESSOR_DEFINITIONS = (
					"DEBUG=1",
					"$(inherited)",
				);
				GCC_WARN_64_TO_32_BIT_CONVERSION = YES;
				GCC_WARN_ABOUT_RETURN_TYPE = YES_ERROR;
				GCC_WARN_UNDECLARED_SELECTOR = YES;
				GCC_WARN_UNINITIALIZED_AUTOS = YES_AGGRESSIVE;
				GCC_WARN_UNUSED_FUNCTION = YES;
				GCC_WARN_UNUSED_VARIABLE = YES;
				IPHONEOS_DEPLOYMENT_TARGET = 15.2;
				MTL_ENABLE_DEBUG_INFO = INCLUDE_SOURCE;
				MTL_FAST_MATH = YES;
				ONLY_ACTIVE_ARCH = YES;
				SDKROOT = iphoneos;
				SWIFT_ACTIVE_COMPILATION_CONDITIONS = DEBUG;
				SWIFT_OPTIMIZATION_LEVEL = "-Onone";
			};
			name = Debug;
		};
		2CC1E5F828CF38DC00035A99 /* Release */ = {
			isa = XCBuildConfiguration;
			buildSettings = {
				ALWAYS_SEARCH_USER_PATHS = NO;
				CLANG_ANALYZER_NONNULL = YES;
				CLANG_ANALYZER_NUMBER_OBJECT_CONVERSION = YES_AGGRESSIVE;
				CLANG_CXX_LANGUAGE_STANDARD = "gnu++17";
				CLANG_CXX_LIBRARY = "libc++";
				CLANG_ENABLE_MODULES = YES;
				CLANG_ENABLE_OBJC_ARC = YES;
				CLANG_ENABLE_OBJC_WEAK = YES;
				CLANG_WARN_BLOCK_CAPTURE_AUTORELEASING = YES;
				CLANG_WARN_BOOL_CONVERSION = YES;
				CLANG_WARN_COMMA = YES;
				CLANG_WARN_CONSTANT_CONVERSION = YES;
				CLANG_WARN_DEPRECATED_OBJC_IMPLEMENTATIONS = YES;
				CLANG_WARN_DIRECT_OBJC_ISA_USAGE = YES_ERROR;
				CLANG_WARN_DOCUMENTATION_COMMENTS = YES;
				CLANG_WARN_EMPTY_BODY = YES;
				CLANG_WARN_ENUM_CONVERSION = YES;
				CLANG_WARN_INFINITE_RECURSION = YES;
				CLANG_WARN_INT_CONVERSION = YES;
				CLANG_WARN_NON_LITERAL_NULL_CONVERSION = YES;
				CLANG_WARN_OBJC_IMPLICIT_RETAIN_SELF = YES;
				CLANG_WARN_OBJC_LITERAL_CONVERSION = YES;
				CLANG_WARN_OBJC_ROOT_CLASS = YES_ERROR;
				CLANG_WARN_QUOTED_INCLUDE_IN_FRAMEWORK_HEADER = YES;
				CLANG_WARN_RANGE_LOOP_ANALYSIS = YES;
				CLANG_WARN_STRICT_PROTOTYPES = YES;
				CLANG_WARN_SUSPICIOUS_MOVE = YES;
				CLANG_WARN_UNGUARDED_AVAILABILITY = YES_AGGRESSIVE;
				CLANG_WARN_UNREACHABLE_CODE = YES;
				CLANG_WARN__DUPLICATE_METHOD_MATCH = YES;
				COPY_PHASE_STRIP = NO;
				DEBUG_INFORMATION_FORMAT = "dwarf-with-dsym";
				ENABLE_NS_ASSERTIONS = NO;
				ENABLE_STRICT_OBJC_MSGSEND = YES;
				GCC_C_LANGUAGE_STANDARD = gnu11;
				GCC_NO_COMMON_BLOCKS = YES;
				GCC_WARN_64_TO_32_BIT_CONVERSION = YES;
				GCC_WARN_ABOUT_RETURN_TYPE = YES_ERROR;
				GCC_WARN_UNDECLARED_SELECTOR = YES;
				GCC_WARN_UNINITIALIZED_AUTOS = YES_AGGRESSIVE;
				GCC_WARN_UNUSED_FUNCTION = YES;
				GCC_WARN_UNUSED_VARIABLE = YES;
				IPHONEOS_DEPLOYMENT_TARGET = 15.2;
				MTL_ENABLE_DEBUG_INFO = NO;
				MTL_FAST_MATH = YES;
				SDKROOT = iphoneos;
				SWIFT_COMPILATION_MODE = wholemodule;
				SWIFT_OPTIMIZATION_LEVEL = "-O";
				VALIDATE_PRODUCT = YES;
			};
			name = Release;
		};
		2CC1E5FA28CF38DC00035A99 /* Debug */ = {
			isa = XCBuildConfiguration;
			buildSettings = {
				ASSETCATALOG_COMPILER_APPICON_NAME = AppIcon;
				ASSETCATALOG_COMPILER_GLOBAL_ACCENT_COLOR_NAME = AccentColor;
				CODE_SIGN_STYLE = Automatic;
				CURRENT_PROJECT_VERSION = 1;
				DEVELOPMENT_ASSET_PATHS = "\"TestingApp/Preview Content\"";
				ENABLE_PREVIEWS = YES;
				GENERATE_INFOPLIST_FILE = YES;
				INFOPLIST_KEY_UIApplicationSceneManifest_Generation = YES;
				INFOPLIST_KEY_UIApplicationSupportsIndirectInputEvents = YES;
				INFOPLIST_KEY_UILaunchScreen_Generation = YES;
				INFOPLIST_KEY_UISupportedInterfaceOrientations_iPad = "UIInterfaceOrientationPortrait UIInterfaceOrientationPortraitUpsideDown UIInterfaceOrientationLandscapeLeft UIInterfaceOrientationLandscapeRight";
				INFOPLIST_KEY_UISupportedInterfaceOrientations_iPhone = "UIInterfaceOrientationPortrait UIInterfaceOrientationLandscapeLeft UIInterfaceOrientationLandscapeRight";
				LD_RUNPATH_SEARCH_PATHS = (
					"$(inherited)",
					"@executable_path/Frameworks",
				);
				MARKETING_VERSION = 1.0;
				PRODUCT_BUNDLE_IDENTIFIER = com.calvo.pascual.ismael.TestingApp;
				PRODUCT_NAME = "$(TARGET_NAME)";
				SWIFT_EMIT_LOC_STRINGS = YES;
				SWIFT_VERSION = 5.0;
				TARGETED_DEVICE_FAMILY = "1,2";
			};
			name = Debug;
		};
		2CC1E5FB28CF38DC00035A99 /* Release */ = {
			isa = XCBuildConfiguration;
			buildSettings = {
				ASSETCATALOG_COMPILER_APPICON_NAME = AppIcon;
				ASSETCATALOG_COMPILER_GLOBAL_ACCENT_COLOR_NAME = AccentColor;
				CODE_SIGN_STYLE = Automatic;
				CURRENT_PROJECT_VERSION = 1;
				DEVELOPMENT_ASSET_PATHS = "\"TestingApp/Preview Content\"";
				ENABLE_PREVIEWS = YES;
				GENERATE_INFOPLIST_FILE = YES;
				INFOPLIST_KEY_UIApplicationSceneManifest_Generation = YES;
				INFOPLIST_KEY_UIApplicationSupportsIndirectInputEvents = YES;
				INFOPLIST_KEY_UILaunchScreen_Generation = YES;
				INFOPLIST_KEY_UISupportedInterfaceOrientations_iPad = "UIInterfaceOrientationPortrait UIInterfaceOrientationPortraitUpsideDown UIInterfaceOrientationLandscapeLeft UIInterfaceOrientationLandscapeRight";
				INFOPLIST_KEY_UISupportedInterfaceOrientations_iPhone = "UIInterfaceOrientationPortrait UIInterfaceOrientationLandscapeLeft UIInterfaceOrientationLandscapeRight";
				LD_RUNPATH_SEARCH_PATHS = (
					"$(inherited)",
					"@executable_path/Frameworks",
				);
				MARKETING_VERSION = 1.0;
				PRODUCT_BUNDLE_IDENTIFIER = com.calvo.pascual.ismael.TestingApp;
				PRODUCT_NAME = "$(TARGET_NAME)";
				SWIFT_EMIT_LOC_STRINGS = YES;
				SWIFT_VERSION = 5.0;
				TARGETED_DEVICE_FAMILY = "1,2";
			};
			name = Release;
		};
		2CC1E5FD28CF38DC00035A99 /* Debug */ = {
			isa = XCBuildConfiguration;
			buildSettings = {
				ALWAYS_EMBED_SWIFT_STANDARD_LIBRARIES = YES;
				BUNDLE_LOADER = "$(TEST_HOST)";
				CODE_SIGN_STYLE = Automatic;
				CURRENT_PROJECT_VERSION = 1;
				GENERATE_INFOPLIST_FILE = YES;
				IPHONEOS_DEPLOYMENT_TARGET = 15.2;
				MARKETING_VERSION = 1.0;
				PRODUCT_BUNDLE_IDENTIFIER = com.calvo.pascual.ismael.TestingAppTests;
				PRODUCT_NAME = "$(TARGET_NAME)";
				SWIFT_EMIT_LOC_STRINGS = NO;
				SWIFT_VERSION = 5.0;
				TARGETED_DEVICE_FAMILY = "1,2";
				TEST_HOST = "$(BUILT_PRODUCTS_DIR)/TestingApp.app/TestingApp";
			};
			name = Debug;
		};
		2CC1E5FE28CF38DC00035A99 /* Release */ = {
			isa = XCBuildConfiguration;
			buildSettings = {
				ALWAYS_EMBED_SWIFT_STANDARD_LIBRARIES = YES;
				BUNDLE_LOADER = "$(TEST_HOST)";
				CODE_SIGN_STYLE = Automatic;
				CURRENT_PROJECT_VERSION = 1;
				GENERATE_INFOPLIST_FILE = YES;
				IPHONEOS_DEPLOYMENT_TARGET = 15.2;
				MARKETING_VERSION = 1.0;
				PRODUCT_BUNDLE_IDENTIFIER = com.calvo.pascual.ismael.TestingAppTests;
				PRODUCT_NAME = "$(TARGET_NAME)";
				SWIFT_EMIT_LOC_STRINGS = NO;
				SWIFT_VERSION = 5.0;
				TARGETED_DEVICE_FAMILY = "1,2";
				TEST_HOST = "$(BUILT_PRODUCTS_DIR)/TestingApp.app/TestingApp";
			};
			name = Release;
		};
		2CC1E60028CF38DC00035A99 /* Debug */ = {
			isa = XCBuildConfiguration;
			buildSettings = {
				ALWAYS_EMBED_SWIFT_STANDARD_LIBRARIES = YES;
				CODE_SIGN_STYLE = Automatic;
				CURRENT_PROJECT_VERSION = 1;
				GENERATE_INFOPLIST_FILE = YES;
				MARKETING_VERSION = 1.0;
				PRODUCT_BUNDLE_IDENTIFIER = com.calvo.pascual.ismael.TestingAppUITests;
				PRODUCT_NAME = "$(TARGET_NAME)";
				SWIFT_EMIT_LOC_STRINGS = NO;
				SWIFT_VERSION = 5.0;
				TARGETED_DEVICE_FAMILY = "1,2";
				TEST_TARGET_NAME = TestingApp;
			};
			name = Debug;
		};
		2CC1E60128CF38DC00035A99 /* Release */ = {
			isa = XCBuildConfiguration;
			buildSettings = {
				ALWAYS_EMBED_SWIFT_STANDARD_LIBRARIES = YES;
				CODE_SIGN_STYLE = Automatic;
				CURRENT_PROJECT_VERSION = 1;
				GENERATE_INFOPLIST_FILE = YES;
				MARKETING_VERSION = 1.0;
				PRODUCT_BUNDLE_IDENTIFIER = com.calvo.pascual.ismael.TestingAppUITests;
				PRODUCT_NAME = "$(TARGET_NAME)";
				SWIFT_EMIT_LOC_STRINGS = NO;
				SWIFT_VERSION = 5.0;
				TARGETED_DEVICE_FAMILY = "1,2";
				TEST_TARGET_NAME = TestingApp;
			};
			name = Release;
		};
/* End XCBuildConfiguration section */

/* Begin XCConfigurationList section */
		2CC1E5CB28CF38DA00035A99 /* Build configuration list for PBXProject "TestingApp" */ = {
			isa = XCConfigurationList;
			buildConfigurations = (
				2CC1E5F728CF38DC00035A99 /* Debug */,
				2CC1E5F828CF38DC00035A99 /* Release */,
			);
			defaultConfigurationIsVisible = 0;
			defaultConfigurationName = Release;
		};
		2CC1E5F928CF38DC00035A99 /* Build configuration list for PBXNativeTarget "TestingApp" */ = {
			isa = XCConfigurationList;
			buildConfigurations = (
				2CC1E5FA28CF38DC00035A99 /* Debug */,
				2CC1E5FB28CF38DC00035A99 /* Release */,
			);
			defaultConfigurationIsVisible = 0;
			defaultConfigurationName = Release;
		};
		2CC1E5FC28CF38DC00035A99 /* Build configuration list for PBXNativeTarget "TestingAppTests" */ = {
			isa = XCConfigurationList;
			buildConfigurations = (
				2CC1E5FD28CF38DC00035A99 /* Debug */,
				2CC1E5FE28CF38DC00035A99 /* Release */,
			);
			defaultConfigurationIsVisible = 0;
			defaultConfigurationName = Release;
		};
		2CC1E5FF28CF38DC00035A99 /* Build configuration list for PBXNativeTarget "TestingAppUITests" */ = {
			isa = XCConfigurationList;
			buildConfigurations = (
				2CC1E60028CF38DC00035A99 /* Debug */,
				2CC1E60128CF38DC00035A99 /* Release */,
			);
			defaultConfigurationIsVisible = 0;
			defaultConfigurationName = Release;
		};
/* End XCConfigurationList section */

/* Begin XCVersionGroup section */
		2CC1E5DE28CF38DC00035A99 /* TestingApp.xcdatamodeld */ = {
			isa = XCVersionGroup;
			children = (
				2CC1E5DF28CF38DC00035A99 /* TestingApp.xcdatamodel */,
			);
			currentVersion = 2CC1E5DF28CF38DC00035A99 /* TestingApp.xcdatamodel */;
			path = TestingApp.xcdatamodeld;
			sourceTree = "<group>";
			versionGroupType = wrapper.xcdatamodel;
		};
/* End XCVersionGroup section */
	};
	rootObject = 2CC1E5C828CF38DA00035A99 /* Project object */;
}
